
Microsoft Visual Studio Solution File, Format Version 12.00
# Visual Studio Version 16
VisualStudioVersion = 16.0.31624.102
MinimumVisualStudioVersion = 10.0.40219.1
Project("{888888A0-9F3D-457C-B088-3A5042F75D52}") = "Netflix Movie Problem", "Netflix Movie Problem\Netflix Movie Problem.pyproj", "{4C9BDD68-9B59-4543-8522-3098440BC165}"
EndProject
Global
	GlobalSection(SolutionConfigurationPlatforms) = preSolution
		Debug|Any CPU = Debug|Any CPU
		Release|Any CPU = Release|Any CPU
	EndGlobalSection
	GlobalSection(ProjectConfigurationPlatforms) = postSolution
		{4C9BDD68-9B59-4543-8522-3098440BC165}.Debug|Any CPU.ActiveCfg = Debug|Any CPU
		{4C9BDD68-9B59-4543-8522-3098440BC165}.Release|Any CPU.ActiveCfg = Release|Any CPU
	EndGlobalSection
	GlobalSection(SolutionProperties) = preSolution
		HideSolutionNode = FALSE
	EndGlobalSection
	GlobalSection(ExtensibilityGlobals) = postSolution
		SolutionGuid = {3486AED0-58A6-4BFB-B7F1-1A7D0FAE5313}
	EndGlobalSection
EndGlobal
